
Microsoft Visual Studio Solution File, Format Version 12.00
# Visual Studio Version 17
VisualStudioVersion = 17.9.34616.47
MinimumVisualStudioVersion = 10.0.40219.1
Project("{FAE04EC0-301F-11D3-BF4B-00C04F79EFBC}") = "NotificationSMS", "NotificationSMS\NotificationSMS.csproj", "{C5FFD152-155C-4A17-B710-B2A5306A12FE}"
EndProject
Global
	GlobalSection(SolutionConfigurationPlatforms) = preSolution
		Debug|Any CPU = Debug|Any CPU
		Release|Any CPU = Release|Any CPU
	EndGlobalSection
	GlobalSection(ProjectConfigurationPlatforms) = postSolution
		{C5FFD152-155C-4A17-B710-B2A5306A12FE}.Debug|Any CPU.ActiveCfg = Debug|Any CPU
		{C5FFD152-155C-4A17-B710-B2A5306A12FE}.Debug|Any CPU.Build.0 = Debug|Any CPU
		{C5FFD152-155C-4A17-B710-B2A5306A12FE}.Release|Any CPU.ActiveCfg = Release|Any CPU
		{C5FFD152-155C-4A17-B710-B2A5306A12FE}.Release|Any CPU.Build.0 = Release|Any CPU
	EndGlobalSection
	GlobalSection(SolutionProperties) = preSolution
		HideSolutionNode = FALSE
	EndGlobalSection
	GlobalSection(ExtensibilityGlobals) = postSolution
		SolutionGuid = {D0BE2F24-5622-495B-B883-A4FB9B6E7F87}
	EndGlobalSection
EndGlobal
